
Microsoft Visual Studio Solution File, Format Version 12.00
# Visual Studio Version 16
VisualStudioVersion = 16.0.31410.357
MinimumVisualStudioVersion = 10.0.40219.1
Project("{9A19103F-16F7-4668-BE54-9A1E7A4F7556}") = "Entities", "Entities\Entities.csproj", "{A9B648FA-88F2-4F37-96F1-F5ACEF8444C0}"
EndProject
Project("{9A19103F-16F7-4668-BE54-9A1E7A4F7556}") = "Core", "Core\Core.csproj", "{B9D9AF04-E344-4863-BE7E-883794FC2346}"
EndProject
Project("{9A19103F-16F7-4668-BE54-9A1E7A4F7556}") = "Dtos", "Dtos\Dtos.csproj", "{C1769D4C-2E4B-4AD5-94C1-DC41615891FD}"
EndProject
Project("{9A19103F-16F7-4668-BE54-9A1E7A4F7556}") = "DataAccess", "DataAccess\DataAccess.csproj", "{19B46BFF-A86B-4CEC-86F1-3406A69CDE14}"
EndProject
Project("{9A19103F-16F7-4668-BE54-9A1E7A4F7556}") = "Business", "Business\Business.csproj", "{20F4EFFB-E86C-464D-A0EB-347FBF90895E}"
EndProject
Project("{FAE04EC0-301F-11D3-BF4B-00C04F79EFBC}") = "WebAPI", "WebAPI\WebAPI.csproj", "{C5FBB1CD-4363-4326-B9BE-504FEA60B627}"
EndProject
Global
	GlobalSection(SolutionConfigurationPlatforms) = preSolution
		Debug|Any CPU = Debug|Any CPU
		Release|Any CPU = Release|Any CPU
	EndGlobalSection
	GlobalSection(ProjectConfigurationPlatforms) = postSolution
		{A9B648FA-88F2-4F37-96F1-F5ACEF8444C0}.Debug|Any CPU.ActiveCfg = Debug|Any CPU
		{A9B648FA-88F2-4F37-96F1-F5ACEF8444C0}.Debug|Any CPU.Build.0 = Debug|Any CPU
		{A9B648FA-88F2-4F37-96F1-F5ACEF8444C0}.Release|Any CPU.ActiveCfg = Release|Any CPU
		{A9B648FA-88F2-4F37-96F1-F5ACEF8444C0}.Release|Any CPU.Build.0 = Release|Any CPU
		{B9D9AF04-E344-4863-BE7E-883794FC2346}.Debug|Any CPU.ActiveCfg = Debug|Any CPU
		{B9D9AF04-E344-4863-BE7E-883794FC2346}.Debug|Any CPU.Build.0 = Debug|Any CPU
		{B9D9AF04-E344-4863-BE7E-883794FC2346}.Release|Any CPU.ActiveCfg = Release|Any CPU
		{B9D9AF04-E344-4863-BE7E-883794FC2346}.Release|Any CPU.Build.0 = Release|Any CPU
		{C1769D4C-2E4B-4AD5-94C1-DC41615891FD}.Debug|Any CPU.ActiveCfg = Debug|Any CPU
		{C1769D4C-2E4B-4AD5-94C1-DC41615891FD}.Debug|Any CPU.Build.0 = Debug|Any CPU
		{C1769D4C-2E4B-4AD5-94C1-DC41615891FD}.Release|Any CPU.ActiveCfg = Release|Any CPU
		{C1769D4C-2E4B-4AD5-94C1-DC41615891FD}.Release|Any CPU.Build.0 = Release|Any CPU
		{19B46BFF-A86B-4CEC-86F1-3406A69CDE14}.Debug|Any CPU.ActiveCfg = Debug|Any CPU
		{19B46BFF-A86B-4CEC-86F1-3406A69CDE14}.Debug|Any CPU.Build.0 = Debug|Any CPU
		{19B46BFF-A86B-4CEC-86F1-3406A69CDE14}.Release|Any CPU.ActiveCfg = Release|Any CPU
		{19B46BFF-A86B-4CEC-86F1-3406A69CDE14}.Release|Any CPU.Build.0 = Release|Any CPU
		{20F4EFFB-E86C-464D-A0EB-347FBF90895E}.Debug|Any CPU.ActiveCfg = Debug|Any CPU
		{20F4EFFB-E86C-464D-A0EB-347FBF90895E}.Debug|Any CPU.Build.0 = Debug|Any CPU
		{20F4EFFB-E86C-464D-A0EB-347FBF90895E}.Release|Any CPU.ActiveCfg = Release|Any CPU
		{20F4EFFB-E86C-464D-A0EB-347FBF90895E}.Release|Any CPU.Build.0 = Release|Any CPU
		{C5FBB1CD-4363-4326-B9BE-504FEA60B627}.Debug|Any CPU.ActiveCfg = Debug|Any CPU
		{C5FBB1CD-4363-4326-B9BE-504FEA60B627}.Debug|Any CPU.Build.0 = Debug|Any CPU
		{C5FBB1CD-4363-4326-B9BE-504FEA60B627}.Release|Any CPU.ActiveCfg = Release|Any CPU
		{C5FBB1CD-4363-4326-B9BE-504FEA60B627}.Release|Any CPU.Build.0 = Release|Any CPU
	EndGlobalSection
	GlobalSection(SolutionProperties) = preSolution
		HideSolutionNode = FALSE
	EndGlobalSection
	GlobalSection(ExtensibilityGlobals) = postSolution
		SolutionGuid = {16ED42CC-F777-4467-981C-038B790DCCD3}
	EndGlobalSection
EndGlobal
